{
  "name": "three-dxf-sample",
  "version": "1.0.0",
  "lockfileVersion": 1,
  "requires": true,
  "dependencies": {
    "dxf-parser": {
      "version": "1.0.0",
      "resolved": "https://registry.npmjs.org/dxf-parser/-/dxf-parser-1.0.0.tgz",
      "integrity": "sha512-1C1EprMNTuNWOce/+1HWn+m7Hr53bzOv2xmysz3YKlgyqGUuNhnVjB1TMu+ddAz/hsvTPiw2n9FudFuH33zfCw==",
      "requires": {
        "loglevel": "^1.7.1"
      }
    },
    "loglevel": {
      "version": "1.7.1",
      "resolved": "https://registry.npmjs.org/loglevel/-/loglevel-1.7.1.tgz",
      "integrity": "sha512-Hesni4s5UkWkwCGJMQGAh71PaLUmKFM60dHvq0zi/vDhhrzuk+4GgNbTXJ12YYQJn6ZKBDNIjYcuQGKudvqrIw=="
    },
    "three": {
      "version": "0.132.2",
      "resolved": "https://registry.npmjs.org/three/-/three-0.132.2.tgz",
      "integrity": "sha512-0wcR7LxxkXMn6Gi58gEs3QvY8WpTVXA31L2VOvpjm4ZPYFRHCZC13UqynheFoS5OXDYgtBneN0dhbaNBE8iLhQ=="
    }
  }
}
