{
  "name": "three-dxf-sample",
  "version": "1.0.0",
  "lockfileVersion": 2,
  "requires": true,
  "packages": {
    "": {
      "name": "three-dxf-sample",
      "version": "1.0.0",
      "license": "MIT",
      "dependencies": {
        "dxf-parser": "1.0.0-alpha.2",
        "jquery": "^3.2.1",
        "three": "^0.115.0"
      },
      "devDependencies": {}
    },
    "node_modules/dxf-parser": {
      "version": "1.0.0-alpha.2",
      "resolved": "https://registry.npmjs.org/dxf-parser/-/dxf-parser-1.0.0-alpha.2.tgz",
      "integrity": "sha512-cQ7Iaxw4REjef3MqcD0ws7OyxkivUcMjAJ3kHxd9Ip9lxP41SxvIPUnr0L9HMYHxrkuUgXw2sEgWGVqL/tE26w==",
      "dependencies": {
        "loglevel": "^1.2.0"
      }
    },
    "node_modules/jquery": {
      "version": "3.3.1",
      "resolved": "https://registry.npmjs.org/jquery/-/jquery-3.3.1.tgz",
      "integrity": "sha512-Ubldcmxp5np52/ENotGxlLe6aGMvmF4R8S6tZjsP6Knsaxd/xp3Zrh50cG93lR6nPXyUFwzN3ZSOQI0wRJNdGg=="
    },
    "node_modules/loglevel": {
      "version": "1.6.1",
      "resolved": "https://registry.npmjs.org/loglevel/-/loglevel-1.6.1.tgz",
      "integrity": "sha1-4PyVEztu8nbNyIh82vJKpvFW+Po=",
      "engines": {
        "node": ">= 0.6.0"
      }
    },
    "node_modules/three": {
      "version": "0.115.0",
      "resolved": "https://registry.npmjs.org/three/-/three-0.115.0.tgz",
      "integrity": "sha512-mAV2Ky3RdcbdSbR9capI+tKLvRldWYxd4151PZTT/o7+U2jh9Is3a4KmnYwzyUAhB2ZA3pXSgCd2DOY4Tj5kow=="
    }
  },
  "dependencies": {
    "dxf-parser": {
      "version": "1.0.0-alpha.2",
      "resolved": "https://registry.npmjs.org/dxf-parser/-/dxf-parser-1.0.0-alpha.2.tgz",
      "integrity": "sha512-cQ7Iaxw4REjef3MqcD0ws7OyxkivUcMjAJ3kHxd9Ip9lxP41SxvIPUnr0L9HMYHxrkuUgXw2sEgWGVqL/tE26w==",
      "requires": {
        "loglevel": "^1.2.0"
      }
    },
    "jquery": {
      "version": "3.3.1",
      "resolved": "https://registry.npmjs.org/jquery/-/jquery-3.3.1.tgz",
      "integrity": "sha512-Ubldcmxp5np52/ENotGxlLe6aGMvmF4R8S6tZjsP6Knsaxd/xp3Zrh50cG93lR6nPXyUFwzN3ZSOQI0wRJNdGg=="
    },
    "loglevel": {
      "version": "1.6.1",
      "resolved": "https://registry.npmjs.org/loglevel/-/loglevel-1.6.1.tgz",
      "integrity": "sha1-4PyVEztu8nbNyIh82vJKpvFW+Po="
    },
    "three": {
      "version": "0.115.0",
      "resolved": "https://registry.npmjs.org/three/-/three-0.115.0.tgz",
      "integrity": "sha512-mAV2Ky3RdcbdSbR9capI+tKLvRldWYxd4151PZTT/o7+U2jh9Is3a4KmnYwzyUAhB2ZA3pXSgCd2DOY4Tj5kow=="
    }
  }
}
